// !$*UTF8*$!
{
	archiveVersion = 1;
	classes = {
	};
	objectVersion = 46;
	objects = {

/* Begin PBXBuildFile section */
		A390B7B61D23DDCF00DECE59 /* Walkway Condensed.ttf in Resources */ = {isa = PBXBuildFile; fileRef = A390B7B41D23DDCF00DECE59 /* Walkway Condensed.ttf */; };
		A390B7B71D23DDCF00DECE59 /* Abel-Regular.ttf in Resources */ = {isa = PBXBuildFile; fileRef = A390B7B51D23DDCF00DECE59 /* Abel-Regular.ttf */; };
		A390B7B91D23DDE700DECE59 /* WeatherViewController.swift in Sources */ = {isa = PBXBuildFile; fileRef = A390B7B81D23DDE700DECE59 /* WeatherViewController.swift */; };
		A3BAB8431D21771600F7679B /* AppDelegate.swift in Sources */ = {isa = PBXBuildFile; fileRef = A3BAB8421D21771600F7679B /* AppDelegate.swift */; };
		A3BAB8451D21771600F7679B /* ViewController.swift in Sources */ = {isa = PBXBuildFile; fileRef = A3BAB8441D21771600F7679B /* ViewController.swift */; };
		A3BAB8481D21771600F7679B /* Main.storyboard in Resources */ = {isa = PBXBuildFile; fileRef = A3BAB8461D21771600F7679B /* Main.storyboard */; };
		A3BAB84A1D21771600F7679B /* Assets.xcassets in Resources */ = {isa = PBXBuildFile; fileRef = A3BAB8491D21771600F7679B /* Assets.xcassets */; };
		A3BAB84D1D21771600F7679B /* LaunchScreen.storyboard in Resources */ = {isa = PBXBuildFile; fileRef = A3BAB84B1D21771600F7679B /* LaunchScreen.storyboard */; };
		A3C6CA831D21A9D400CAB236 /* ContentViewController.swift in Sources */ = {isa = PBXBuildFile; fileRef = A3C6CA821D21A9D400CAB236 /* ContentViewController.swift */; };
		A3C6CA871D21EE0C00CAB236 /* MapViewController.swift in Sources */ = {isa = PBXBuildFile; fileRef = A3C6CA861D21EE0C00CAB236 /* MapViewController.swift */; };
/* End PBXBuildFile section */

/* Begin PBXFileReference section */
		A390B7B41D23DDCF00DECE59 /* Walkway Condensed.ttf */ = {isa = PBXFileReference; lastKnownFileType = file; name = "Walkway Condensed.ttf"; path = "../../../../../Downloads/walkway/Walkway Condensed.ttf"; sourceTree = "<group>"; };
		A390B7B51D23DDCF00DECE59 /* Abel-Regular.ttf */ = {isa = PBXFileReference; lastKnownFileType = file; name = "Abel-Regular.ttf"; path = "../../../../../Downloads/abel/Abel-Regular.ttf"; sourceTree = "<group>"; };
		A390B7B81D23DDE700DECE59 /* WeatherViewController.swift */ = {isa = PBXFileReference; fileEncoding = 4; lastKnownFileType = sourcecode.swift; name = WeatherViewController.swift; path = ../../Warsztaty/WeatherApp/WeatherApp/WeatherViewController.swift; sourceTree = "<group>"; };
		A3BAB83F1D21771600F7679B /* Weather App.app */ = {isa = PBXFileReference; explicitFileType = wrapper.application; includeInIndex = 0; path = "Weather App.app"; sourceTree = BUILT_PRODUCTS_DIR; };
		A3BAB8421D21771600F7679B /* AppDelegate.swift */ = {isa = PBXFileReference; lastKnownFileType = sourcecode.swift; name = AppDelegate.swift; path = "../Weather App/AppDelegate.swift"; sourceTree = "<group>"; };
		A3BAB8441D21771600F7679B /* ViewController.swift */ = {isa = PBXFileReference; lastKnownFileType = sourcecode.swift; name = ViewController.swift; path = "../Weather App/ViewController.swift"; sourceTree = "<group>"; };
		A3BAB8471D21771600F7679B /* Base */ = {isa = PBXFileReference; lastKnownFileType = file.storyboard; name = Base; path = Base.lproj/Main.storyboard; sourceTree = "<group>"; };
		A3BAB8491D21771600F7679B /* Assets.xcassets */ = {isa = PBXFileReference; lastKnownFileType = folder.assetcatalog; name = Assets.xcassets; path = "../Weather App/Assets.xcassets"; sourceTree = "<group>"; };
		A3BAB84C1D21771600F7679B /* Base */ = {isa = PBXFileReference; lastKnownFileType = file.storyboard; name = Base; path = Base.lproj/LaunchScreen.storyboard; sourceTree = "<group>"; };
		A3BAB84E1D21771600F7679B /* Info.plist */ = {isa = PBXFileReference; lastKnownFileType = text.plist.xml; name = Info.plist; path = "../Weather App/Info.plist"; sourceTree = "<group>"; };
		A3C6CA821D21A9D400CAB236 /* ContentViewController.swift */ = {isa = PBXFileReference; fileEncoding = 4; lastKnownFileType = sourcecode.swift; name = ContentViewController.swift; path = "../Weather App/ContentViewController.swift"; sourceTree = "<group>"; };
		A3C6CA861D21EE0C00CAB236 /* MapViewController.swift */ = {isa = PBXFileReference; fileEncoding = 4; lastKnownFileType = sourcecode.swift; name = MapViewController.swift; path = "../Weather App/MapViewController.swift"; sourceTree = "<group>"; };
/* End PBXFileReference section */

/* Begin PBXFrameworksBuildPhase section */
		A3BAB83C1D21771600F7679B /* Frameworks */ = {
			isa = PBXFrameworksBuildPhase;
			buildActionMask = 2147483647;
			files = (
			);
			runOnlyForDeploymentPostprocessing = 0;
		};
/* End PBXFrameworksBuildPhase section */

/* Begin PBXGroup section */
		A3BAB8361D21771600F7679B = {
			isa = PBXGroup;
			children = (
				A3BAB8411D21771600F7679B /* Weather App */,
				A3BAB8401D21771600F7679B /* Products */,
			);
			sourceTree = "<group>";
		};
		A3BAB8401D21771600F7679B /* Products */ = {
			isa = PBXGroup;
			children = (
				A3BAB83F1D21771600F7679B /* Weather App.app */,
			);
			name = Products;
			sourceTree = "<group>";
		};
		A3BAB8411D21771600F7679B /* Weather App */ = {
			isa = PBXGroup;
			children = (
				A3BAB8421D21771600F7679B /* AppDelegate.swift */,
				A3BAB8441D21771600F7679B /* ViewController.swift */,
				A390B7B81D23DDE700DECE59 /* WeatherViewController.swift */,
				A3C6CA821D21A9D400CAB236 /* ContentViewController.swift */,
				A3C6CA861D21EE0C00CAB236 /* MapViewController.swift */,
				A3BAB8461D21771600F7679B /* Main.storyboard */,
				A3BAB8491D21771600F7679B /* Assets.xcassets */,
				A3BAB84B1D21771600F7679B /* LaunchScreen.storyboard */,
				A3BAB84E1D21771600F7679B /* Info.plist */,
				A390B7B41D23DDCF00DECE59 /* Walkway Condensed.ttf */,
				A390B7B51D23DDCF00DECE59 /* Abel-Regular.ttf */,
			);
			name = "Weather App";
			path = "Page Control";
			sourceTree = "<group>";
		};
/* End PBXGroup section */

/* Begin PBXNativeTarget section */
		A3BAB83E1D21771600F7679B /* Weather App */ = {
			isa = PBXNativeTarget;
			buildConfigurationList = A3BAB8511D21771600F7679B /* Build configuration list for PBXNativeTarget "Weather App" */;
			buildPhases = (
				A3BAB83B1D21771600F7679B /* Sources */,
				A3BAB83C1D21771600F7679B /* Frameworks */,
				A3BAB83D1D21771600F7679B /* Resources */,
			);
			buildRules = (
			);
			dependencies = (
			);
			name = "Weather App";
			productName = "Page Control";
			productReference = A3BAB83F1D21771600F7679B /* Weather App.app */;
			productType = "com.apple.product-type.application";
		};
/* End PBXNativeTarget section */

/* Begin PBXProject section */
		A3BAB8371D21771600F7679B /* Project object */ = {
			isa = PBXProject;
			attributes = {
				LastSwiftUpdateCheck = 0730;
				LastUpgradeCheck = 0730;
				ORGANIZATIONNAME = "Szymon Dawidow";
				TargetAttributes = {
					A3BAB83E1D21771600F7679B = {
						CreatedOnToolsVersion = 7.3;
						DevelopmentTeam = JPZMJ72554;
					};
				};
			};
			buildConfigurationList = A3BAB83A1D21771600F7679B /* Build configuration list for PBXProject "Weather App" */;
			compatibilityVersion = "Xcode 3.2";
			developmentRegion = English;
			hasScannedForEncodings = 0;
			knownRegions = (
				en,
				Base,
			);
			mainGroup = A3BAB8361D21771600F7679B;
			productRefGroup = A3BAB8401D21771600F7679B /* Products */;
			projectDirPath = "";
			projectRoot = "";
			targets = (
				A3BAB83E1D21771600F7679B /* Weather App */,
			);
		};
/* End PBXProject section */

/* Begin PBXResourcesBuildPhase section */
		A3BAB83D1D21771600F7679B /* Resources */ = {
			isa = PBXResourcesBuildPhase;
			buildActionMask = 2147483647;
			files = (
				A390B7B71D23DDCF00DECE59 /* Abel-Regular.ttf in Resources */,
				A390B7B61D23DDCF00DECE59 /* Walkway Condensed.ttf in Resources */,
				A3BAB84D1D21771600F7679B /* LaunchScreen.storyboard in Resources */,
				A3BAB84A1D21771600F7679B /* Assets.xcassets in Resources */,
				A3BAB8481D21771600F7679B /* Main.storyboard in Resources */,
			);
			runOnlyForDeploymentPostprocessing = 0;
		};
/* End PBXResourcesBuildPhase section */

/* Begin PBXSourcesBuildPhase section */
		A3BAB83B1D21771600F7679B /* Sources */ = {
			isa = PBXSourcesBuildPhase;
			buildActionMask = 2147483647;
			files = (
				A3C6CA831D21A9D400CAB236 /* ContentViewController.swift in Sources */,
				A390B7B91D23DDE700DECE59 /* WeatherViewController.swift in Sources */,
				A3BAB8451D21771600F7679B /* ViewController.swift in Sources */,
				A3C6CA871D21EE0C00CAB236 /* MapViewController.swift in Sources */,
				A3BAB8431D21771600F7679B /* AppDelegate.swift in Sources */,
			);
			runOnlyForDeploymentPostprocessing = 0;
		};
/* End PBXSourcesBuildPhase section */

/* Begin PBXVariantGroup section */
		A3BAB8461D21771600F7679B /* Main.storyboard */ = {
			isa = PBXVariantGroup;
			children = (
				A3BAB8471D21771600F7679B /* Base */,
			);
			name = Main.storyboard;
			path = "../Weather App";
			sourceTree = "<group>";
		};
		A3BAB84B1D21771600F7679B /* LaunchScreen.storyboard */ = {
			isa = PBXVariantGroup;
			children = (
				A3BAB84C1D21771600F7679B /* Base */,
			);
			name = LaunchScreen.storyboard;
			path = "../Weather App";
			sourceTree = "<group>";
		};
/* End PBXVariantGroup section */

/* Begin XCBuildConfiguration section */
		A3BAB84F1D21771600F7679B /* Debug */ = {
			isa = XCBuildConfiguration;
			buildSettings = {
				ALWAYS_SEARCH_USER_PATHS = NO;
				CLANG_ANALYZER_NONNULL = YES;
				CLANG_CXX_LANGUAGE_STANDARD = "gnu++0x";
				CLANG_CXX_LIBRARY = "libc++";
				CLANG_ENABLE_MODULES = YES;
				CLANG_ENABLE_OBJC_ARC = YES;
				CLANG_WARN_BOOL_CONVERSION = YES;
				CLANG_WARN_CONSTANT_CONVERSION = YES;
				CLANG_WARN_DIRECT_OBJC_ISA_USAGE = YES_ERROR;
				CLANG_WARN_EMPTY_BODY = YES;
				CLANG_WARN_ENUM_CONVERSION = YES;
				CLANG_WARN_INT_CONVERSION = YES;
				CLANG_WARN_OBJC_ROOT_CLASS = YES_ERROR;
				CLANG_WARN_UNREACHABLE_CODE = YES;
				CLANG_WARN__DUPLICATE_METHOD_MATCH = YES;
				"CODE_SIGN_IDENTITY[sdk=iphoneos*]" = "iPhone Developer";
				COPY_PHASE_STRIP = NO;
				DEBUG_INFORMATION_FORMAT = dwarf;
				ENABLE_STRICT_OBJC_MSGSEND = YES;
				ENABLE_TESTABILITY = YES;
				GCC_C_LANGUAGE_STANDARD = gnu99;
				GCC_DYNAMIC_NO_PIC = NO;
				GCC_NO_COMMON_BLOCKS = YES;
				GCC_OPTIMIZATION_LEVEL = 0;
				GCC_PREPROCESSOR_DEFINITIONS = (
					"DEBUG=1",
					"$(inherited)",
				);
				GCC_WARN_64_TO_32_BIT_CONVERSION = YES;
				GCC_WARN_ABOUT_RETURN_TYPE = YES_ERROR;
				GCC_WARN_UNDECLARED_SELECTOR = YES;
				GCC_WARN_UNINITIALIZED_AUTOS = YES_AGGRESSIVE;
				GCC_WARN_UNUSED_FUNCTION = YES;
				GCC_WARN_UNUSED_VARIABLE = YES;
				IPHONEOS_DEPLOYMENT_TARGET = 9.3;
				MTL_ENABLE_DEBUG_INFO = YES;
				ONLY_ACTIVE_ARCH = YES;
				SDKROOT = iphoneos;
				SWIFT_OPTIMIZATION_LEVEL = "-Onone";
				TARGETED_DEVICE_FAMILY = "1,2";
			};
			name = Debug;
		};
		A3BAB8501D21771600F7679B /* Release */ = {
			isa = XCBuildConfiguration;
			buildSettings = {
				ALWAYS_SEARCH_USER_PATHS = NO;
				CLANG_ANALYZER_NONNULL = YES;
				CLANG_CXX_LANGUAGE_STANDARD = "gnu++0x";
				CLANG_CXX_LIBRARY = "libc++";
				CLANG_ENABLE_MODULES = YES;
				CLANG_ENABLE_OBJC_ARC = YES;
				CLANG_WARN_BOOL_CONVERSION = YES;
				CLANG_WARN_CONSTANT_CONVERSION = YES;
				CLANG_WARN_DIRECT_OBJC_ISA_USAGE = YES_ERROR;
				CLANG_WARN_EMPTY_BODY = YES;
				CLANG_WARN_ENUM_CONVERSION = YES;
				CLANG_WARN_INT_CONVERSION = YES;
				CLANG_WARN_OBJC_ROOT_CLASS = YES_ERROR;
				CLANG_WARN_UNREACHABLE_CODE = YES;
				CLANG_WARN__DUPLICATE_METHOD_MATCH = YES;
				"CODE_SIGN_IDENTITY[sdk=iphoneos*]" = "iPhone Developer";
				COPY_PHASE_STRIP = NO;
				DEBUG_INFORMATION_FORMAT = "dwarf-with-dsym";
				ENABLE_NS_ASSERTIONS = NO;
				ENABLE_STRICT_OBJC_MSGSEND = YES;
				GCC_C_LANGUAGE_STANDARD = gnu99;
				GCC_NO_COMMON_BLOCKS = YES;
				GCC_WARN_64_TO_32_BIT_CONVERSION = YES;
				GCC_WARN_ABOUT_RETURN_TYPE = YES_ERROR;
				GCC_WARN_UNDECLARED_SELECTOR = YES;
				GCC_WARN_UNINITIALIZED_AUTOS = YES_AGGRESSIVE;
				GCC_WARN_UNUSED_FUNCTION = YES;
				GCC_WARN_UNUSED_VARIABLE = YES;
				IPHONEOS_DEPLOYMENT_TARGET = 9.3;
				MTL_ENABLE_DEBUG_INFO = NO;
				SDKROOT = iphoneos;
				TARGETED_DEVICE_FAMILY = "1,2";
				VALIDATE_PRODUCT = YES;
			};
			name = Release;
		};
		A3BAB8521D21771600F7679B /* Debug */ = {
			isa = XCBuildConfiguration;
			buildSettings = {
				ASSETCATALOG_COMPILER_APPICON_NAME = AppIcon;
				INFOPLIST_FILE = "$(SRCROOT)/Weather App/Info.plist";
				LD_RUNPATH_SEARCH_PATHS = "$(inherited) @executable_path/Frameworks";
				PRODUCT_BUNDLE_IDENTIFIER = "com.szymondawidow.Weather-App";
				PRODUCT_NAME = "Weather App";
			};
			name = Debug;
		};
		A3BAB8531D21771600F7679B /* Release */ = {
			isa = XCBuildConfiguration;
			buildSettings = {
				ASSETCATALOG_COMPILER_APPICON_NAME = AppIcon;
				INFOPLIST_FILE = "$(SRCROOT)/Weather App/Info.plist";
				LD_RUNPATH_SEARCH_PATHS = "$(inherited) @executable_path/Frameworks";
				PRODUCT_BUNDLE_IDENTIFIER = "com.szymondawidow.Weather-App";
				PRODUCT_NAME = "Weather App";
			};
			name = Release;
		};
/* End XCBuildConfiguration section */

/* Begin XCConfigurationList section */
		A3BAB83A1D21771600F7679B /* Build configuration list for PBXProject "Weather App" */ = {
			isa = XCConfigurationList;
			buildConfigurations = (
				A3BAB84F1D21771600F7679B /* Debug */,
				A3BAB8501D21771600F7679B /* Release */,
			);
			defaultConfigurationIsVisible = 0;
			defaultConfigurationName = Release;
		};
		A3BAB8511D21771600F7679B /* Build configuration list for PBXNativeTarget "Weather App" */ = {
			isa = XCConfigurationList;
			buildConfigurations = (
				A3BAB8521D21771600F7679B /* Debug */,
				A3BAB8531D21771600F7679B /* Release */,
			);
			defaultConfigurationIsVisible = 0;
			defaultConfigurationName = Release;
		};
/* End XCConfigurationList section */
	};
	rootObject = A3BAB8371D21771600F7679B /* Project object */;
}
